// !$*UTF8*$!
{
	archiveVersion = 1;
	classes = {
	};
	objectVersion = 46;
	objects = {

/* Begin PBXBuildFile section */
		1800A12C14716FFF00D3561D /* draw_polygon_off.png in Resources */ = {isa = PBXBuildFile; fileRef = 1800A12A14716FFF00D3561D /* draw_polygon_off.png */; };
		1800A12D14716FFF00D3561D /* draw_polygon_on.png in Resources */ = {isa = PBXBuildFile; fileRef = 1800A12B14716FFF00D3561D /* draw_polygon_on.png */; };
		18A327DF1495019500332373 /* Thumbnail.m in Sources */ = {isa = PBXBuildFile; fileRef = 18A327DE1495019500332373 /* Thumbnail.m */; };
		18A327E214950F7600332373 /* MapList.m in Sources */ = {isa = PBXBuildFile; fileRef = 18A327E114950F7600332373 /* MapList.m */; };
		18B45B411458666D00AE2652 /* MapView.m in Sources */ = {isa = PBXBuildFile; fileRef = 18B45B3A1458666D00AE2652 /* MapView.m */; };
		18B45B421458666D00AE2652 /* MapViewController.m in Sources */ = {isa = PBXBuildFile; fileRef = 18B45B3C1458666D00AE2652 /* MapViewController.m */; };
		18B45B431458666D00AE2652 /* TiledLayer.m in Sources */ = {isa = PBXBuildFile; fileRef = 18B45B3E1458666D00AE2652 /* TiledLayer.m */; };
		18B45B441458666D00AE2652 /* TilesView.m in Sources */ = {isa = PBXBuildFile; fileRef = 18B45B401458666D00AE2652 /* TilesView.m */; };
		18C2C5A4146F5F0100CD7844 /* AnnotationView.m in Sources */ = {isa = PBXBuildFile; fileRef = 18C2C5A3146F5F0100CD7844 /* AnnotationView.m */; };
		18FA5B141443CB8500A37FD6 /* UIKit.framework in Frameworks */ = {isa = PBXBuildFile; fileRef = 18FA5B131443CB8500A37FD6 /* UIKit.framework */; };
		18FA5B161443CB8500A37FD6 /* Foundation.framework in Frameworks */ = {isa = PBXBuildFile; fileRef = 18FA5B151443CB8500A37FD6 /* Foundation.framework */; };
		18FA5B181443CB8500A37FD6 /* CoreGraphics.framework in Frameworks */ = {isa = PBXBuildFile; fileRef = 18FA5B171443CB8500A37FD6 /* CoreGraphics.framework */; };
		18FA5B1E1443CB8500A37FD6 /* InfoPlist.strings in Resources */ = {isa = PBXBuildFile; fileRef = 18FA5B1C1443CB8500A37FD6 /* InfoPlist.strings */; };
		18FA5B201443CB8500A37FD6 /* main.m in Sources */ = {isa = PBXBuildFile; fileRef = 18FA5B1F1443CB8500A37FD6 /* main.m */; };
		18FA5B241443CB8500A37FD6 /* MapHubAppDelegate.m in Sources */ = {isa = PBXBuildFile; fileRef = 18FA5B231443CB8500A37FD6 /* MapHubAppDelegate.m */; };
		18FA5B271443CB8500A37FD6 /* MainWindow.xib in Resources */ = {isa = PBXBuildFile; fileRef = 18FA5B251443CB8500A37FD6 /* MainWindow.xib */; };
		18FA5B2E1443CBBC00A37FD6 /* QuartzCore.framework in Frameworks */ = {isa = PBXBuildFile; fileRef = 18FA5B2D1443CBBC00A37FD6 /* QuartzCore.framework */; };
		18FFC8D2148C2F83005D6E25 /* MaphubClient.m in Sources */ = {isa = PBXBuildFile; fileRef = 18FFC8D1148C2F83005D6E25 /* MaphubClient.m */; };
		18FFC8D5148C6545005D6E25 /* MapInfo.m in Sources */ = {isa = PBXBuildFile; fileRef = 18FFC8D4148C6545005D6E25 /* MapInfo.m */; };
/* End PBXBuildFile section */

/* Begin PBXFileReference section */
		1800A12A14716FFF00D3561D /* draw_polygon_off.png */ = {isa = PBXFileReference; lastKnownFileType = image.png; path = draw_polygon_off.png; sourceTree = "<group>"; };
		1800A12B14716FFF00D3561D /* draw_polygon_on.png */ = {isa = PBXFileReference; lastKnownFileType = image.png; path = draw_polygon_on.png; sourceTree = "<group>"; };
		18A327DD1495019500332373 /* Thumbnail.h */ = {isa = PBXFileReference; fileEncoding = 4; lastKnownFileType = sourcecode.c.h; path = Thumbnail.h; sourceTree = "<group>"; };
		18A327DE1495019500332373 /* Thumbnail.m */ = {isa = PBXFileReference; fileEncoding = 4; lastKnownFileType = sourcecode.c.objc; path = Thumbnail.m; sourceTree = "<group>"; };
		18A327E014950F7600332373 /* MapList.h */ = {isa = PBXFileReference; fileEncoding = 4; lastKnownFileType = sourcecode.c.h; path = MapList.h; sourceTree = "<group>"; };
		18A327E114950F7600332373 /* MapList.m */ = {isa = PBXFileReference; fileEncoding = 4; lastKnownFileType = sourcecode.c.objc; path = MapList.m; sourceTree = "<group>"; };
		18B45B391458666D00AE2652 /* MapView.h */ = {isa = PBXFileReference; fileEncoding = 4; lastKnownFileType = sourcecode.c.h; path = MapView.h; sourceTree = "<group>"; };
		18B45B3A1458666D00AE2652 /* MapView.m */ = {isa = PBXFileReference; fileEncoding = 4; lastKnownFileType = sourcecode.c.objc; path = MapView.m; sourceTree = "<group>"; };
		18B45B3B1458666D00AE2652 /* MapViewController.h */ = {isa = PBXFileReference; fileEncoding = 4; lastKnownFileType = sourcecode.c.h; path = MapViewController.h; sourceTree = "<group>"; };
		18B45B3C1458666D00AE2652 /* MapViewController.m */ = {isa = PBXFileReference; fileEncoding = 4; lastKnownFileType = sourcecode.c.objc; path = MapViewController.m; sourceTree = "<group>"; };
		18B45B3D1458666D00AE2652 /* TiledLayer.h */ = {isa = PBXFileReference; fileEncoding = 4; lastKnownFileType = sourcecode.c.h; path = TiledLayer.h; sourceTree = "<group>"; };
		18B45B3E1458666D00AE2652 /* TiledLayer.m */ = {isa = PBXFileReference; fileEncoding = 4; lastKnownFileType = sourcecode.c.objc; path = TiledLayer.m; sourceTree = "<group>"; };
		18B45B3F1458666D00AE2652 /* TilesView.h */ = {isa = PBXFileReference; fileEncoding = 4; lastKnownFileType = sourcecode.c.h; path = TilesView.h; sourceTree = "<group>"; };
		18B45B401458666D00AE2652 /* TilesView.m */ = {isa = PBXFileReference; fileEncoding = 4; lastKnownFileType = sourcecode.c.objc; path = TilesView.m; sourceTree = "<group>"; };
		18C2C5A2146F5F0100CD7844 /* AnnotationView.h */ = {isa = PBXFileReference; fileEncoding = 4; lastKnownFileType = sourcecode.c.h; path = AnnotationView.h; sourceTree = "<group>"; };
		18C2C5A3146F5F0100CD7844 /* AnnotationView.m */ = {isa = PBXFileReference; fileEncoding = 4; lastKnownFileType = sourcecode.c.objc; path = AnnotationView.m; sourceTree = "<group>"; };
		18FA5B0F1443CB8500A37FD6 /* MapHub.app */ = {isa = PBXFileReference; explicitFileType = wrapper.application; includeInIndex = 0; path = MapHub.app; sourceTree = BUILT_PRODUCTS_DIR; };
		18FA5B131443CB8500A37FD6 /* UIKit.framework */ = {isa = PBXFileReference; lastKnownFileType = wrapper.framework; name = UIKit.framework; path = System/Library/Frameworks/UIKit.framework; sourceTree = SDKROOT; };
		18FA5B151443CB8500A37FD6 /* Foundation.framework */ = {isa = PBXFileReference; lastKnownFileType = wrapper.framework; name = Foundation.framework; path = System/Library/Frameworks/Foundation.framework; sourceTree = SDKROOT; };
		18FA5B171443CB8500A37FD6 /* CoreGraphics.framework */ = {isa = PBXFileReference; lastKnownFileType = wrapper.framework; name = CoreGraphics.framework; path = System/Library/Frameworks/CoreGraphics.framework; sourceTree = SDKROOT; };
		18FA5B1B1443CB8500A37FD6 /* MapHub-Info.plist */ = {isa = PBXFileReference; lastKnownFileType = text.plist.xml; path = "MapHub-Info.plist"; sourceTree = "<group>"; };
		18FA5B1D1443CB8500A37FD6 /* en */ = {isa = PBXFileReference; lastKnownFileType = text.plist.strings; name = en; path = en.lproj/InfoPlist.strings; sourceTree = "<group>"; };
		18FA5B1F1443CB8500A37FD6 /* main.m */ = {isa = PBXFileReference; lastKnownFileType = sourcecode.c.objc; path = main.m; sourceTree = "<group>"; };
		18FA5B211443CB8500A37FD6 /* MapHub-Prefix.pch */ = {isa = PBXFileReference; lastKnownFileType = sourcecode.c.h; path = "MapHub-Prefix.pch"; sourceTree = "<group>"; };
		18FA5B221443CB8500A37FD6 /* MapHubAppDelegate.h */ = {isa = PBXFileReference; lastKnownFileType = sourcecode.c.h; path = MapHubAppDelegate.h; sourceTree = "<group>"; };
		18FA5B231443CB8500A37FD6 /* MapHubAppDelegate.m */ = {isa = PBXFileReference; lastKnownFileType = sourcecode.c.objc; path = MapHubAppDelegate.m; sourceTree = "<group>"; };
		18FA5B261443CB8500A37FD6 /* en */ = {isa = PBXFileReference; lastKnownFileType = file.xib; name = en; path = en.lproj/MainWindow.xib; sourceTree = "<group>"; };
		18FA5B2D1443CBBC00A37FD6 /* QuartzCore.framework */ = {isa = PBXFileReference; lastKnownFileType = wrapper.framework; name = QuartzCore.framework; path = System/Library/Frameworks/QuartzCore.framework; sourceTree = SDKROOT; };
		18FFC8D0148C2F83005D6E25 /* MaphubClient.h */ = {isa = PBXFileReference; fileEncoding = 4; lastKnownFileType = sourcecode.c.h; path = MaphubClient.h; sourceTree = "<group>"; };
		18FFC8D1148C2F83005D6E25 /* MaphubClient.m */ = {isa = PBXFileReference; fileEncoding = 4; lastKnownFileType = sourcecode.c.objc; path = MaphubClient.m; sourceTree = "<group>"; };
		18FFC8D3148C6545005D6E25 /* MapInfo.h */ = {isa = PBXFileReference; fileEncoding = 4; lastKnownFileType = sourcecode.c.h; path = MapInfo.h; sourceTree = "<group>"; };
		18FFC8D4148C6545005D6E25 /* MapInfo.m */ = {isa = PBXFileReference; fileEncoding = 4; lastKnownFileType = sourcecode.c.objc; path = MapInfo.m; sourceTree = "<group>"; };
/* End PBXFileReference section */

/* Begin PBXFrameworksBuildPhase section */
		18FA5B0C1443CB8500A37FD6 /* Frameworks */ = {
			isa = PBXFrameworksBuildPhase;
			buildActionMask = 2147483647;
			files = (
				18FA5B2E1443CBBC00A37FD6 /* QuartzCore.framework in Frameworks */,
				18FA5B141443CB8500A37FD6 /* UIKit.framework in Frameworks */,
				18FA5B161443CB8500A37FD6 /* Foundation.framework in Frameworks */,
				18FA5B181443CB8500A37FD6 /* CoreGraphics.framework in Frameworks */,
			);
			runOnlyForDeploymentPostprocessing = 0;
		};
/* End PBXFrameworksBuildPhase section */

/* Begin PBXGroup section */
		18FA5B041443CB8500A37FD6 = {
			isa = PBXGroup;
			children = (
				18FA5B191443CB8500A37FD6 /* MapHub */,
				18FA5B121443CB8500A37FD6 /* Frameworks */,
				18FA5B101443CB8500A37FD6 /* Products */,
			);
			sourceTree = "<group>";
		};
		18FA5B101443CB8500A37FD6 /* Products */ = {
			isa = PBXGroup;
			children = (
				18FA5B0F1443CB8500A37FD6 /* MapHub.app */,
			);
			name = Products;
			sourceTree = "<group>";
		};
		18FA5B121443CB8500A37FD6 /* Frameworks */ = {
			isa = PBXGroup;
			children = (
				18FA5B2D1443CBBC00A37FD6 /* QuartzCore.framework */,
				18FA5B131443CB8500A37FD6 /* UIKit.framework */,
				18FA5B151443CB8500A37FD6 /* Foundation.framework */,
				18FA5B171443CB8500A37FD6 /* CoreGraphics.framework */,
			);
			name = Frameworks;
			sourceTree = "<group>";
		};
		18FA5B191443CB8500A37FD6 /* MapHub */ = {
			isa = PBXGroup;
			children = (
				18B45B391458666D00AE2652 /* MapView.h */,
				18B45B3A1458666D00AE2652 /* MapView.m */,
				18A327E014950F7600332373 /* MapList.h */,
				18A327E114950F7600332373 /* MapList.m */,
				18B45B3B1458666D00AE2652 /* MapViewController.h */,
				18B45B3C1458666D00AE2652 /* MapViewController.m */,
				18B45B3D1458666D00AE2652 /* TiledLayer.h */,
				18B45B3E1458666D00AE2652 /* TiledLayer.m */,
				18B45B3F1458666D00AE2652 /* TilesView.h */,
				18B45B401458666D00AE2652 /* TilesView.m */,
				18C2C5A2146F5F0100CD7844 /* AnnotationView.h */,
				18C2C5A3146F5F0100CD7844 /* AnnotationView.m */,
				18FA5B221443CB8500A37FD6 /* MapHubAppDelegate.h */,
				18FA5B231443CB8500A37FD6 /* MapHubAppDelegate.m */,
				18FA5B251443CB8500A37FD6 /* MainWindow.xib */,
				18FFC8D0148C2F83005D6E25 /* MaphubClient.h */,
				18FFC8D1148C2F83005D6E25 /* MaphubClient.m */,
				18FFC8D3148C6545005D6E25 /* MapInfo.h */,
				18FFC8D4148C6545005D6E25 /* MapInfo.m */,
				18A327DD1495019500332373 /* Thumbnail.h */,
				18A327DE1495019500332373 /* Thumbnail.m */,
				18FA5B1A1443CB8500A37FD6 /* Supporting Files */,
			);
			path = MapHub;
			sourceTree = "<group>";
		};
		18FA5B1A1443CB8500A37FD6 /* Supporting Files */ = {
			isa = PBXGroup;
			children = (
				1800A12A14716FFF00D3561D /* draw_polygon_off.png */,
				1800A12B14716FFF00D3561D /* draw_polygon_on.png */,
				18FA5B1B1443CB8500A37FD6 /* MapHub-Info.plist */,
				18FA5B1C1443CB8500A37FD6 /* InfoPlist.strings */,
				18FA5B1F1443CB8500A37FD6 /* main.m */,
				18FA5B211443CB8500A37FD6 /* MapHub-Prefix.pch */,
			);
			name = "Supporting Files";
			sourceTree = "<group>";
		};
/* End PBXGroup section */

/* Begin PBXNativeTarget section */
		18FA5B0E1443CB8500A37FD6 /* MapHub */ = {
			isa = PBXNativeTarget;
			buildConfigurationList = 18FA5B2A1443CB8500A37FD6 /* Build configuration list for PBXNativeTarget "MapHub" */;
			buildPhases = (
				18FA5B0B1443CB8500A37FD6 /* Sources */,
				18FA5B0C1443CB8500A37FD6 /* Frameworks */,
				18FA5B0D1443CB8500A37FD6 /* Resources */,
			);
			buildRules = (
			);
			dependencies = (
			);
			name = MapHub;
			productName = MapHub;
			productReference = 18FA5B0F1443CB8500A37FD6 /* MapHub.app */;
			productType = "com.apple.product-type.application";
		};
/* End PBXNativeTarget section */

/* Begin PBXProject section */
		18FA5B061443CB8500A37FD6 /* Project object */ = {
			isa = PBXProject;
			attributes = {
				LastUpgradeCheck = 0420;
				ORGANIZATIONNAME = "Cornell University";
			};
			buildConfigurationList = 18FA5B091443CB8500A37FD6 /* Build configuration list for PBXProject "MapHub" */;
			compatibilityVersion = "Xcode 3.2";
			developmentRegion = English;
			hasScannedForEncodings = 0;
			knownRegions = (
				en,
			);
			mainGroup = 18FA5B041443CB8500A37FD6;
			productRefGroup = 18FA5B101443CB8500A37FD6 /* Products */;
			projectDirPath = "";
			projectRoot = "";
			targets = (
				18FA5B0E1443CB8500A37FD6 /* MapHub */,
			);
		};
/* End PBXProject section */

/* Begin PBXResourcesBuildPhase section */
		18FA5B0D1443CB8500A37FD6 /* Resources */ = {
			isa = PBXResourcesBuildPhase;
			buildActionMask = 2147483647;
			files = (
				18FA5B1E1443CB8500A37FD6 /* InfoPlist.strings in Resources */,
				18FA5B271443CB8500A37FD6 /* MainWindow.xib in Resources */,
				1800A12C14716FFF00D3561D /* draw_polygon_off.png in Resources */,
				1800A12D14716FFF00D3561D /* draw_polygon_on.png in Resources */,
			);
			runOnlyForDeploymentPostprocessing = 0;
		};
/* End PBXResourcesBuildPhase section */

/* Begin PBXSourcesBuildPhase section */
		18FA5B0B1443CB8500A37FD6 /* Sources */ = {
			isa = PBXSourcesBuildPhase;
			buildActionMask = 2147483647;
			files = (
				18FA5B201443CB8500A37FD6 /* main.m in Sources */,
				18FA5B241443CB8500A37FD6 /* MapHubAppDelegate.m in Sources */,
				18B45B411458666D00AE2652 /* MapView.m in Sources */,
				18B45B421458666D00AE2652 /* MapViewController.m in Sources */,
				18B45B431458666D00AE2652 /* TiledLayer.m in Sources */,
				18B45B441458666D00AE2652 /* TilesView.m in Sources */,
				18C2C5A4146F5F0100CD7844 /* AnnotationView.m in Sources */,
				18FFC8D2148C2F83005D6E25 /* MaphubClient.m in Sources */,
				18FFC8D5148C6545005D6E25 /* MapInfo.m in Sources */,
				18A327DF1495019500332373 /* Thumbnail.m in Sources */,
				18A327E214950F7600332373 /* MapList.m in Sources */,
			);
			runOnlyForDeploymentPostprocessing = 0;
		};
/* End PBXSourcesBuildPhase section */

/* Begin PBXVariantGroup section */
		18FA5B1C1443CB8500A37FD6 /* InfoPlist.strings */ = {
			isa = PBXVariantGroup;
			children = (
				18FA5B1D1443CB8500A37FD6 /* en */,
			);
			name = InfoPlist.strings;
			sourceTree = "<group>";
		};
		18FA5B251443CB8500A37FD6 /* MainWindow.xib */ = {
			isa = PBXVariantGroup;
			children = (
				18FA5B261443CB8500A37FD6 /* en */,
			);
			name = MainWindow.xib;
			sourceTree = "<group>";
		};
/* End PBXVariantGroup section */

/* Begin XCBuildConfiguration section */
		18FA5B281443CB8500A37FD6 /* Debug */ = {
			isa = XCBuildConfiguration;
			buildSettings = {
				ALWAYS_SEARCH_USER_PATHS = NO;
				ARCHS = "$(ARCHS_UNIVERSAL_IPHONE_OS)";
				"CODE_SIGN_IDENTITY[sdk=iphoneos*]" = "iPhone Developer";
				COPY_PHASE_STRIP = NO;
				GCC_C_LANGUAGE_STANDARD = gnu99;
				GCC_DYNAMIC_NO_PIC = NO;
				GCC_OPTIMIZATION_LEVEL = 0;
				GCC_PREPROCESSOR_DEFINITIONS = (
					"DEBUG=1",
					"$(inherited)",
				);
				GCC_SYMBOLS_PRIVATE_EXTERN = NO;
				GCC_VERSION = com.apple.compilers.llvmgcc42;
				GCC_WARN_ABOUT_MISSING_PROTOTYPES = YES;
				GCC_WARN_ABOUT_RETURN_TYPE = YES;
				GCC_WARN_UNUSED_VARIABLE = YES;
				IPHONEOS_DEPLOYMENT_TARGET = 4.3;
				SDKROOT = iphoneos;
				TARGETED_DEVICE_FAMILY = 2;
			};
			name = Debug;
		};
		18FA5B291443CB8500A37FD6 /* Release */ = {
			isa = XCBuildConfiguration;
			buildSettings = {
				ALWAYS_SEARCH_USER_PATHS = NO;
				ARCHS = "$(ARCHS_UNIVERSAL_IPHONE_OS)";
				"CODE_SIGN_IDENTITY[sdk=iphoneos*]" = "iPhone Developer";
				COPY_PHASE_STRIP = YES;
				GCC_C_LANGUAGE_STANDARD = gnu99;
				GCC_VERSION = com.apple.compilers.llvmgcc42;
				GCC_WARN_ABOUT_MISSING_PROTOTYPES = YES;
				GCC_WARN_ABOUT_RETURN_TYPE = YES;
				GCC_WARN_UNUSED_VARIABLE = YES;
				IPHONEOS_DEPLOYMENT_TARGET = 4.3;
				OTHER_CFLAGS = "-DNS_BLOCK_ASSERTIONS=1";
				SDKROOT = iphoneos;
				TARGETED_DEVICE_FAMILY = 2;
				VALIDATE_PRODUCT = YES;
			};
			name = Release;
		};
		18FA5B2B1443CB8500A37FD6 /* Debug */ = {
			isa = XCBuildConfiguration;
			buildSettings = {
				GCC_PRECOMPILE_PREFIX_HEADER = YES;
				GCC_PREFIX_HEADER = "MapHub/MapHub-Prefix.pch";
				GCC_VERSION = com.apple.compilers.llvm.clang.1_0;
				INFOPLIST_FILE = "MapHub/MapHub-Info.plist";
				PRODUCT_NAME = "$(TARGET_NAME)";
				WRAPPER_EXTENSION = app;
			};
			name = Debug;
		};
		18FA5B2C1443CB8500A37FD6 /* Release */ = {
			isa = XCBuildConfiguration;
			buildSettings = {
				GCC_PRECOMPILE_PREFIX_HEADER = YES;
				GCC_PREFIX_HEADER = "MapHub/MapHub-Prefix.pch";
				GCC_VERSION = com.apple.compilers.llvm.clang.1_0;
				INFOPLIST_FILE = "MapHub/MapHub-Info.plist";
				PRODUCT_NAME = "$(TARGET_NAME)";
				WRAPPER_EXTENSION = app;
			};
			name = Release;
		};
/* End XCBuildConfiguration section */

/* Begin XCConfigurationList section */
		18FA5B091443CB8500A37FD6 /* Build configuration list for PBXProject "MapHub" */ = {
			isa = XCConfigurationList;
			buildConfigurations = (
				18FA5B281443CB8500A37FD6 /* Debug */,
				18FA5B291443CB8500A37FD6 /* Release */,
			);
			defaultConfigurationIsVisible = 0;
			defaultConfigurationName = Release;
		};
		18FA5B2A1443CB8500A37FD6 /* Build configuration list for PBXNativeTarget "MapHub" */ = {
			isa = XCConfigurationList;
			buildConfigurations = (
				18FA5B2B1443CB8500A37FD6 /* Debug */,
				18FA5B2C1443CB8500A37FD6 /* Release */,
			);
			defaultConfigurationIsVisible = 0;
			defaultConfigurationName = Release;
		};
/* End XCConfigurationList section */
	};
	rootObject = 18FA5B061443CB8500A37FD6 /* Project object */;
}
